PODS:
  - FaceppSwift (0.1.8):
    - FaceppSwift/Core (= 0.1.8)
  - FaceppSwift/Core (0.1.8)
  - FaceppSwift/UIKit (0.1.8):
    - FaceppSwift/Core
  - FaceppSwift/WebKit (0.1.8):
    - FaceppSwift/UIKit
  - SnapKit (5.0.1)
  - SwiftLint (0.39.1)

DEPENDENCIES:
  - FaceppSwift (from `../`)
  - FaceppSwift/UIKit (from `../`)
  - FaceppSwift/WebKit (from `../`)
  - SnapKit (~> 5.0.0)
  - SwiftLint

SPEC REPOS:
  https://github.com/CocoaPods/Specs.git:
    - SnapKit
    - SwiftLint

EXTERNAL SOURCES:
  FaceppSwift:
    :path: "../"

SPEC CHECKSUMS:
  FaceppSwift: 9e6afae312120ce6ce90d060f4015f8067a6ddc2
  SnapKit: 97b92857e3df3a0c71833cce143274bf6ef8e5eb
  SwiftLint: 55e96a4a4d537d4a3156859fc1c54bd24851a046

PODFILE CHECKSUM: 5cbcee246876eb2513546643663e70c75795c3f6

COCOAPODS: 1.9.1
