PODS:
  - FaceppSwift (0.1.7):
    - FaceppSwift/Core (= 0.1.7)
  - FaceppSwift/Core (0.1.7)
  - FaceppSwift/UIKit (0.1.7):
    - FaceppSwift/Core
  - SwiftLint (0.39.1)

DEPENDENCIES:
  - FaceppSwift (from `../`)
  - FaceppSwift/UIKit (from `../`)
  - SwiftLint

SPEC REPOS:
  https://github.com/CocoaPods/Specs.git:
    - SwiftLint

EXTERNAL SOURCES:
  FaceppSwift:
    :path: "../"

SPEC CHECKSUMS:
  FaceppSwift: d6bc1b7d8f8febc3a2a6d5864abcab16ca202eb6
  SwiftLint: 55e96a4a4d537d4a3156859fc1c54bd24851a046

PODFILE CHECKSUM: c5b9841defb268e38604cc3ad2730959a91722a8

COCOAPODS: 1.9.1
