// !$*UTF8*$!
{
	archiveVersion = 1;
	classes = {
	};
	objectVersion = 50;
	objects = {

/* Begin PBXBuildFile section */
		80E358C024285889001D9F90 /* AppDelegate.swift in Sources */ = {isa = PBXBuildFile; fileRef = 80E358BF24285889001D9F90 /* AppDelegate.swift */; };
		80E358C224285889001D9F90 /* SceneDelegate.swift in Sources */ = {isa = PBXBuildFile; fileRef = 80E358C124285889001D9F90 /* SceneDelegate.swift */; };
		80E358C424285889001D9F90 /* ContentView.swift in Sources */ = {isa = PBXBuildFile; fileRef = 80E358C324285889001D9F90 /* ContentView.swift */; };
		80E358C62428588C001D9F90 /* Assets.xcassets in Resources */ = {isa = PBXBuildFile; fileRef = 80E358C52428588C001D9F90 /* Assets.xcassets */; };
		80E358C92428588C001D9F90 /* Preview Assets.xcassets in Resources */ = {isa = PBXBuildFile; fileRef = 80E358C82428588C001D9F90 /* Preview Assets.xcassets */; };
		80E358CC2428588C001D9F90 /* LaunchScreen.storyboard in Resources */ = {isa = PBXBuildFile; fileRef = 80E358CA2428588C001D9F90 /* LaunchScreen.storyboard */; };
		B60229F7F0DF34B47611A5A5 /* Pods_SwiftUI_Example.framework in Frameworks */ = {isa = PBXBuildFile; fileRef = 1A3912E35D1349A97D24B75E /* Pods_SwiftUI_Example.framework */; };
/* End PBXBuildFile section */

/* Begin PBXFileReference section */
		1266B0531C2E866DE543E0E2 /* Pods-SwiftUI+Example.release.xcconfig */ = {isa = PBXFileReference; includeInIndex = 1; lastKnownFileType = text.xcconfig; name = "Pods-SwiftUI+Example.release.xcconfig"; path = "Target Support Files/Pods-SwiftUI+Example/Pods-SwiftUI+Example.release.xcconfig"; sourceTree = "<group>"; };
		1A3912E35D1349A97D24B75E /* Pods_SwiftUI_Example.framework */ = {isa = PBXFileReference; explicitFileType = wrapper.framework; includeInIndex = 0; path = Pods_SwiftUI_Example.framework; sourceTree = BUILT_PRODUCTS_DIR; };
		80E358BC24285889001D9F90 /* SwiftUI+Example.app */ = {isa = PBXFileReference; explicitFileType = wrapper.application; includeInIndex = 0; path = "SwiftUI+Example.app"; sourceTree = BUILT_PRODUCTS_DIR; };
		80E358BF24285889001D9F90 /* AppDelegate.swift */ = {isa = PBXFileReference; lastKnownFileType = sourcecode.swift; path = AppDelegate.swift; sourceTree = "<group>"; };
		80E358C124285889001D9F90 /* SceneDelegate.swift */ = {isa = PBXFileReference; lastKnownFileType = sourcecode.swift; path = SceneDelegate.swift; sourceTree = "<group>"; };
		80E358C324285889001D9F90 /* ContentView.swift */ = {isa = PBXFileReference; lastKnownFileType = sourcecode.swift; path = ContentView.swift; sourceTree = "<group>"; };
		80E358C52428588C001D9F90 /* Assets.xcassets */ = {isa = PBXFileReference; lastKnownFileType = folder.assetcatalog; path = Assets.xcassets; sourceTree = "<group>"; };
		80E358C82428588C001D9F90 /* Preview Assets.xcassets */ = {isa = PBXFileReference; lastKnownFileType = folder.assetcatalog; path = "Preview Assets.xcassets"; sourceTree = "<group>"; };
		80E358CB2428588C001D9F90 /* Base */ = {isa = PBXFileReference; lastKnownFileType = file.storyboard; name = Base; path = Base.lproj/LaunchScreen.storyboard; sourceTree = "<group>"; };
		80E358CD2428588C001D9F90 /* Info.plist */ = {isa = PBXFileReference; lastKnownFileType = text.plist.xml; path = Info.plist; sourceTree = "<group>"; };
		BF35CC44B403337D52DAABA9 /* Pods-SwiftUI+Example.debug.xcconfig */ = {isa = PBXFileReference; includeInIndex = 1; lastKnownFileType = text.xcconfig; name = "Pods-SwiftUI+Example.debug.xcconfig"; path = "Target Support Files/Pods-SwiftUI+Example/Pods-SwiftUI+Example.debug.xcconfig"; sourceTree = "<group>"; };
/* End PBXFileReference section */

/* Begin PBXFrameworksBuildPhase section */
		80E358B924285889001D9F90 /* Frameworks */ = {
			isa = PBXFrameworksBuildPhase;
			buildActionMask = 2147483647;
			files = (
				B60229F7F0DF34B47611A5A5 /* Pods_SwiftUI_Example.framework in Frameworks */,
			);
			runOnlyForDeploymentPostprocessing = 0;
		};
/* End PBXFrameworksBuildPhase section */

/* Begin PBXGroup section */
		80E358B324285889001D9F90 = {
			isa = PBXGroup;
			children = (
				80E358BE24285889001D9F90 /* SwiftUI+Example */,
				80E358BD24285889001D9F90 /* Products */,
				F0F1CDAA0E7DD0498D248EEB /* Pods */,
				97255687310E70E8CA86AF6C /* Frameworks */,
			);
			sourceTree = "<group>";
		};
		80E358BD24285889001D9F90 /* Products */ = {
			isa = PBXGroup;
			children = (
				80E358BC24285889001D9F90 /* SwiftUI+Example.app */,
			);
			name = Products;
			sourceTree = "<group>";
		};
		80E358BE24285889001D9F90 /* SwiftUI+Example */ = {
			isa = PBXGroup;
			children = (
				80E358BF24285889001D9F90 /* AppDelegate.swift */,
				80E358C124285889001D9F90 /* SceneDelegate.swift */,
				80E358C324285889001D9F90 /* ContentView.swift */,
				80E358C52428588C001D9F90 /* Assets.xcassets */,
				80E358CA2428588C001D9F90 /* LaunchScreen.storyboard */,
				80E358CD2428588C001D9F90 /* Info.plist */,
				80E358C72428588C001D9F90 /* Preview Content */,
			);
			path = "SwiftUI+Example";
			sourceTree = "<group>";
		};
		80E358C72428588C001D9F90 /* Preview Content */ = {
			isa = PBXGroup;
			children = (
				80E358C82428588C001D9F90 /* Preview Assets.xcassets */,
			);
			path = "Preview Content";
			sourceTree = "<group>";
		};
		97255687310E70E8CA86AF6C /* Frameworks */ = {
			isa = PBXGroup;
			children = (
				1A3912E35D1349A97D24B75E /* Pods_SwiftUI_Example.framework */,
			);
			name = Frameworks;
			sourceTree = "<group>";
		};
		F0F1CDAA0E7DD0498D248EEB /* Pods */ = {
			isa = PBXGroup;
			children = (
				BF35CC44B403337D52DAABA9 /* Pods-SwiftUI+Example.debug.xcconfig */,
				1266B0531C2E866DE543E0E2 /* Pods-SwiftUI+Example.release.xcconfig */,
			);
			name = Pods;
			path = Pods;
			sourceTree = "<group>";
		};
/* End PBXGroup section */

/* Begin PBXNativeTarget section */
		80E358BB24285889001D9F90 /* SwiftUI+Example */ = {
			isa = PBXNativeTarget;
			buildConfigurationList = 80E358D02428588C001D9F90 /* Build configuration list for PBXNativeTarget "SwiftUI+Example" */;
			buildPhases = (
				DA508F4B313B2897A64E05F4 /* [CP] Check Pods Manifest.lock */,
				80E358B824285889001D9F90 /* Sources */,
				80E358B924285889001D9F90 /* Frameworks */,
				80E358BA24285889001D9F90 /* Resources */,
				8C8968B5155AA97DB092E749 /* [CP] Embed Pods Frameworks */,
			);
			buildRules = (
			);
			dependencies = (
			);
			name = "SwiftUI+Example";
			productName = "SwiftUI+Example";
			productReference = 80E358BC24285889001D9F90 /* SwiftUI+Example.app */;
			productType = "com.apple.product-type.application";
		};
/* End PBXNativeTarget section */

/* Begin PBXProject section */
		80E358B424285889001D9F90 /* Project object */ = {
			isa = PBXProject;
			attributes = {
				LastSwiftUpdateCheck = 1130;
				LastUpgradeCheck = 1130;
				ORGANIZATIONNAME = facepp;
				TargetAttributes = {
					80E358BB24285889001D9F90 = {
						CreatedOnToolsVersion = 11.3.1;
					};
				};
			};
			buildConfigurationList = 80E358B724285889001D9F90 /* Build configuration list for PBXProject "SwiftUI+Example" */;
			compatibilityVersion = "Xcode 9.3";
			developmentRegion = en;
			hasScannedForEncodings = 0;
			knownRegions = (
				en,
				Base,
			);
			mainGroup = 80E358B324285889001D9F90;
			productRefGroup = 80E358BD24285889001D9F90 /* Products */;
			projectDirPath = "";
			projectRoot = "";
			targets = (
				80E358BB24285889001D9F90 /* SwiftUI+Example */,
			);
		};
/* End PBXProject section */

/* Begin PBXResourcesBuildPhase section */
		80E358BA24285889001D9F90 /* Resources */ = {
			isa = PBXResourcesBuildPhase;
			buildActionMask = 2147483647;
			files = (
				80E358CC2428588C001D9F90 /* LaunchScreen.storyboard in Resources */,
				80E358C92428588C001D9F90 /* Preview Assets.xcassets in Resources */,
				80E358C62428588C001D9F90 /* Assets.xcassets in Resources */,
			);
			runOnlyForDeploymentPostprocessing = 0;
		};
/* End PBXResourcesBuildPhase section */

/* Begin PBXShellScriptBuildPhase section */
		8C8968B5155AA97DB092E749 /* [CP] Embed Pods Frameworks */ = {
			isa = PBXShellScriptBuildPhase;
			buildActionMask = 2147483647;
			files = (
			);
			inputFileListPaths = (
				"${PODS_ROOT}/Target Support Files/Pods-SwiftUI+Example/Pods-SwiftUI+Example-frameworks-${CONFIGURATION}-input-files.xcfilelist",
			);
			name = "[CP] Embed Pods Frameworks";
			outputFileListPaths = (
				"${PODS_ROOT}/Target Support Files/Pods-SwiftUI+Example/Pods-SwiftUI+Example-frameworks-${CONFIGURATION}-output-files.xcfilelist",
			);
			runOnlyForDeploymentPostprocessing = 0;
			shellPath = /bin/sh;
			shellScript = "\"${PODS_ROOT}/Target Support Files/Pods-SwiftUI+Example/Pods-SwiftUI+Example-frameworks.sh\"\n";
			showEnvVarsInLog = 0;
		};
		DA508F4B313B2897A64E05F4 /* [CP] Check Pods Manifest.lock */ = {
			isa = PBXShellScriptBuildPhase;
			buildActionMask = 2147483647;
			files = (
			);
			inputFileListPaths = (
			);
			inputPaths = (
				"${PODS_PODFILE_DIR_PATH}/Podfile.lock",
				"${PODS_ROOT}/Manifest.lock",
			);
			name = "[CP] Check Pods Manifest.lock";
			outputFileListPaths = (
			);
			outputPaths = (
				"$(DERIVED_FILE_DIR)/Pods-SwiftUI+Example-checkManifestLockResult.txt",
			);
			runOnlyForDeploymentPostprocessing = 0;
			shellPath = /bin/sh;
			shellScript = "diff \"${PODS_PODFILE_DIR_PATH}/Podfile.lock\" \"${PODS_ROOT}/Manifest.lock\" > /dev/null\nif [ $? != 0 ] ; then\n    # print error to STDERR\n    echo \"error: The sandbox is not in sync with the Podfile.lock. Run 'pod install' or update your CocoaPods installation.\" >&2\n    exit 1\nfi\n# This output is used by Xcode 'outputs' to avoid re-running this script phase.\necho \"SUCCESS\" > \"${SCRIPT_OUTPUT_FILE_0}\"\n";
			showEnvVarsInLog = 0;
		};
/* End PBXShellScriptBuildPhase section */

/* Begin PBXSourcesBuildPhase section */
		80E358B824285889001D9F90 /* Sources */ = {
			isa = PBXSourcesBuildPhase;
			buildActionMask = 2147483647;
			files = (
				80E358C024285889001D9F90 /* AppDelegate.swift in Sources */,
				80E358C224285889001D9F90 /* SceneDelegate.swift in Sources */,
				80E358C424285889001D9F90 /* ContentView.swift in Sources */,
			);
			runOnlyForDeploymentPostprocessing = 0;
		};
/* End PBXSourcesBuildPhase section */

/* Begin PBXVariantGroup section */
		80E358CA2428588C001D9F90 /* LaunchScreen.storyboard */ = {
			isa = PBXVariantGroup;
			children = (
				80E358CB2428588C001D9F90 /* Base */,
			);
			name = LaunchScreen.storyboard;
			sourceTree = "<group>";
		};
/* End PBXVariantGroup section */

/* Begin XCBuildConfiguration section */
		80E358CE2428588C001D9F90 /* Debug */ = {
			isa = XCBuildConfiguration;
			buildSettings = {
				ALWAYS_SEARCH_USER_PATHS = NO;
				CLANG_ANALYZER_NONNULL = YES;
				CLANG_ANALYZER_NUMBER_OBJECT_CONVERSION = YES_AGGRESSIVE;
				CLANG_CXX_LANGUAGE_STANDARD = "gnu++14";
				CLANG_CXX_LIBRARY = "libc++";
				CLANG_ENABLE_MODULES = YES;
				CLANG_ENABLE_OBJC_ARC = YES;
				CLANG_ENABLE_OBJC_WEAK = YES;
				CLANG_WARN_BLOCK_CAPTURE_AUTORELEASING = YES;
				CLANG_WARN_BOOL_CONVERSION = YES;
				CLANG_WARN_COMMA = YES;
				CLANG_WARN_CONSTANT_CONVERSION = YES;
				CLANG_WARN_DEPRECATED_OBJC_IMPLEMENTATIONS = YES;
				CLANG_WARN_DIRECT_OBJC_ISA_USAGE = YES_ERROR;
				CLANG_WARN_DOCUMENTATION_COMMENTS = YES;
				CLANG_WARN_EMPTY_BODY = YES;
				CLANG_WARN_ENUM_CONVERSION = YES;
				CLANG_WARN_INFINITE_RECURSION = YES;
				CLANG_WARN_INT_CONVERSION = YES;
				CLANG_WARN_NON_LITERAL_NULL_CONVERSION = YES;
				CLANG_WARN_OBJC_IMPLICIT_RETAIN_SELF = YES;
				CLANG_WARN_OBJC_LITERAL_CONVERSION = YES;
				CLANG_WARN_OBJC_ROOT_CLASS = YES_ERROR;
				CLANG_WARN_RANGE_LOOP_ANALYSIS = YES;
				CLANG_WARN_STRICT_PROTOTYPES = YES;
				CLANG_WARN_SUSPICIOUS_MOVE = YES;
				CLANG_WARN_UNGUARDED_AVAILABILITY = YES_AGGRESSIVE;
				CLANG_WARN_UNREACHABLE_CODE = YES;
				CLANG_WARN__DUPLICATE_METHOD_MATCH = YES;
				COPY_PHASE_STRIP = NO;
				DEBUG_INFORMATION_FORMAT = dwarf;
				ENABLE_STRICT_OBJC_MSGSEND = YES;
				ENABLE_TESTABILITY = YES;
				GCC_C_LANGUAGE_STANDARD = gnu11;
				GCC_DYNAMIC_NO_PIC = NO;
				GCC_NO_COMMON_BLOCKS = YES;
				GCC_OPTIMIZATION_LEVEL = 0;
				GCC_PREPROCESSOR_DEFINITIONS = (
					"DEBUG=1",
					"$(inherited)",
				);
				GCC_WARN_64_TO_32_BIT_CONVERSION = YES;
				GCC_WARN_ABOUT_RETURN_TYPE = YES_ERROR;
				GCC_WARN_UNDECLARED_SELECTOR = YES;
				GCC_WARN_UNINITIALIZED_AUTOS = YES_AGGRESSIVE;
				GCC_WARN_UNUSED_FUNCTION = YES;
				GCC_WARN_UNUSED_VARIABLE = YES;
				IPHONEOS_DEPLOYMENT_TARGET = 13.2;
				MTL_ENABLE_DEBUG_INFO = INCLUDE_SOURCE;
				MTL_FAST_MATH = YES;
				ONLY_ACTIVE_ARCH = YES;
				SDKROOT = iphoneos;
				SWIFT_ACTIVE_COMPILATION_CONDITIONS = DEBUG;
				SWIFT_OPTIMIZATION_LEVEL = "-Onone";
			};
			name = Debug;
		};
		80E358CF2428588C001D9F90 /* Release */ = {
			isa = XCBuildConfiguration;
			buildSettings = {
				ALWAYS_SEARCH_USER_PATHS = NO;
				CLANG_ANALYZER_NONNULL = YES;
				CLANG_ANALYZER_NUMBER_OBJECT_CONVERSION = YES_AGGRESSIVE;
				CLANG_CXX_LANGUAGE_STANDARD = "gnu++14";
				CLANG_CXX_LIBRARY = "libc++";
				CLANG_ENABLE_MODULES = YES;
				CLANG_ENABLE_OBJC_ARC = YES;
				CLANG_ENABLE_OBJC_WEAK = YES;
				CLANG_WARN_BLOCK_CAPTURE_AUTORELEASING = YES;
				CLANG_WARN_BOOL_CONVERSION = YES;
				CLANG_WARN_COMMA = YES;
				CLANG_WARN_CONSTANT_CONVERSION = YES;
				CLANG_WARN_DEPRECATED_OBJC_IMPLEMENTATIONS = YES;
				CLANG_WARN_DIRECT_OBJC_ISA_USAGE = YES_ERROR;
				CLANG_WARN_DOCUMENTATION_COMMENTS = YES;
				CLANG_WARN_EMPTY_BODY = YES;
				CLANG_WARN_ENUM_CONVERSION = YES;
				CLANG_WARN_INFINITE_RECURSION = YES;
				CLANG_WARN_INT_CONVERSION = YES;
				CLANG_WARN_NON_LITERAL_NULL_CONVERSION = YES;
				CLANG_WARN_OBJC_IMPLICIT_RETAIN_SELF = YES;
				CLANG_WARN_OBJC_LITERAL_CONVERSION = YES;
				CLANG_WARN_OBJC_ROOT_CLASS = YES_ERROR;
				CLANG_WARN_RANGE_LOOP_ANALYSIS = YES;
				CLANG_WARN_STRICT_PROTOTYPES = YES;
				CLANG_WARN_SUSPICIOUS_MOVE = YES;
				CLANG_WARN_UNGUARDED_AVAILABILITY = YES_AGGRESSIVE;
				CLANG_WARN_UNREACHABLE_CODE = YES;
				CLANG_WARN__DUPLICATE_METHOD_MATCH = YES;
				COPY_PHASE_STRIP = NO;
				DEBUG_INFORMATION_FORMAT = "dwarf-with-dsym";
				ENABLE_NS_ASSERTIONS = NO;
				ENABLE_STRICT_OBJC_MSGSEND = YES;
				GCC_C_LANGUAGE_STANDARD = gnu11;
				GCC_NO_COMMON_BLOCKS = YES;
				GCC_WARN_64_TO_32_BIT_CONVERSION = YES;
				GCC_WARN_ABOUT_RETURN_TYPE = YES_ERROR;
				GCC_WARN_UNDECLARED_SELECTOR = YES;
				GCC_WARN_UNINITIALIZED_AUTOS = YES_AGGRESSIVE;
				GCC_WARN_UNUSED_FUNCTION = YES;
				GCC_WARN_UNUSED_VARIABLE = YES;
				IPHONEOS_DEPLOYMENT_TARGET = 13.2;
				MTL_ENABLE_DEBUG_INFO = NO;
				MTL_FAST_MATH = YES;
				SDKROOT = iphoneos;
				SWIFT_COMPILATION_MODE = wholemodule;
				SWIFT_OPTIMIZATION_LEVEL = "-O";
				VALIDATE_PRODUCT = YES;
			};
			name = Release;
		};
		80E358D12428588C001D9F90 /* Debug */ = {
			isa = XCBuildConfiguration;
			baseConfigurationReference = BF35CC44B403337D52DAABA9 /* Pods-SwiftUI+Example.debug.xcconfig */;
			buildSettings = {
				ASSETCATALOG_COMPILER_APPICON_NAME = AppIcon;
				CODE_SIGN_STYLE = Automatic;
				DEVELOPMENT_ASSET_PATHS = "\"SwiftUI+Example/Preview Content\"";
				ENABLE_PREVIEWS = YES;
				INFOPLIST_FILE = "SwiftUI+Example/Info.plist";
				LD_RUNPATH_SEARCH_PATHS = (
					"$(inherited)",
					"@executable_path/Frameworks",
				);
				PRODUCT_BUNDLE_IDENTIFIER = "com.daubert.SwiftUI-Example";
				PRODUCT_NAME = "$(TARGET_NAME)";
				SWIFT_VERSION = 5.0;
				TARGETED_DEVICE_FAMILY = "1,2";
			};
			name = Debug;
		};
		80E358D22428588C001D9F90 /* Release */ = {
			isa = XCBuildConfiguration;
			baseConfigurationReference = 1266B0531C2E866DE543E0E2 /* Pods-SwiftUI+Example.release.xcconfig */;
			buildSettings = {
				ASSETCATALOG_COMPILER_APPICON_NAME = AppIcon;
				CODE_SIGN_STYLE = Automatic;
				DEVELOPMENT_ASSET_PATHS = "\"SwiftUI+Example/Preview Content\"";
				ENABLE_PREVIEWS = YES;
				INFOPLIST_FILE = "SwiftUI+Example/Info.plist";
				LD_RUNPATH_SEARCH_PATHS = (
					"$(inherited)",
					"@executable_path/Frameworks",
				);
				PRODUCT_BUNDLE_IDENTIFIER = "com.daubert.SwiftUI-Example";
				PRODUCT_NAME = "$(TARGET_NAME)";
				SWIFT_VERSION = 5.0;
				TARGETED_DEVICE_FAMILY = "1,2";
			};
			name = Release;
		};
/* End XCBuildConfiguration section */

/* Begin XCConfigurationList section */
		80E358B724285889001D9F90 /* Build configuration list for PBXProject "SwiftUI+Example" */ = {
			isa = XCConfigurationList;
			buildConfigurations = (
				80E358CE2428588C001D9F90 /* Debug */,
				80E358CF2428588C001D9F90 /* Release */,
			);
			defaultConfigurationIsVisible = 0;
			defaultConfigurationName = Release;
		};
		80E358D02428588C001D9F90 /* Build configuration list for PBXNativeTarget "SwiftUI+Example" */ = {
			isa = XCConfigurationList;
			buildConfigurations = (
				80E358D12428588C001D9F90 /* Debug */,
				80E358D22428588C001D9F90 /* Release */,
			);
			defaultConfigurationIsVisible = 0;
			defaultConfigurationName = Release;
		};
/* End XCConfigurationList section */
	};
	rootObject = 80E358B424285889001D9F90 /* Project object */;
}
